[[package]]
name = "srt"
version = "3.5.0"
description = "A tiny library for parsing, modifying, and composing SRT files."
category = "main"
optional = false
python-versions = ">=2.7"

[metadata]
lock-version = "1.1"
python-versions = "^3.7"
content-hash = "28debf8982df3bf4d80e0eec3a92b7b8e4f0f2d1b4073b2a2a8116146fa732f4"

[metadata.files]
srt = [
    {file = "srt-3.5.0.tar.gz", hash = "sha256:9378e67fcc7c110eca7ec12bdb17a174085f67e3b371f7e586a4c68a0dda245b"},
]
